
Microsoft Visual Studio Solution File, Format Version 12.00
# Visual Studio Version 16
VisualStudioVersion = 16.0.31112.23
MinimumVisualStudioVersion = 10.0.40219.1
Project("{FAE04EC0-301F-11D3-BF4B-00C04F79EFBC}") = "Basic.Class4.Homeworks", "Basic.Class4.Homeworks\Basic.Class4.Homeworks.csproj", "{B5D25F7E-DFBE-4476-9AB7-F8AA15E33D89}"
EndProject
Global
	GlobalSection(SolutionConfigurationPlatforms) = preSolution
		Debug|Any CPU = Debug|Any CPU
		Release|Any CPU = Release|Any CPU
	EndGlobalSection
	GlobalSection(ProjectConfigurationPlatforms) = postSolution
		{B5D25F7E-DFBE-4476-9AB7-F8AA15E33D89}.Debug|Any CPU.ActiveCfg = Debug|Any CPU
		{B5D25F7E-DFBE-4476-9AB7-F8AA15E33D89}.Debug|Any CPU.Build.0 = Debug|Any CPU
		{B5D25F7E-DFBE-4476-9AB7-F8AA15E33D89}.Release|Any CPU.ActiveCfg = Release|Any CPU
		{B5D25F7E-DFBE-4476-9AB7-F8AA15E33D89}.Release|Any CPU.Build.0 = Release|Any CPU
	EndGlobalSection
	GlobalSection(SolutionProperties) = preSolution
		HideSolutionNode = FALSE
	EndGlobalSection
	GlobalSection(ExtensibilityGlobals) = postSolution
		SolutionGuid = {55875C8E-B2E5-4B4D-AB76-ABF31FE511F0}
	EndGlobalSection
EndGlobal
