
Microsoft Visual Studio Solution File, Format Version 12.00
# Visual Studio Version 16
VisualStudioVersion = 16.0.31112.23
MinimumVisualStudioVersion = 10.0.40219.1
Project("{FAE04EC0-301F-11D3-BF4B-00C04F79EFBC}") = "Basic.Class2.Homework1", "Basic.Class2.Homework1\Basic.Class2.Homework1.csproj", "{A3F2DB49-A20D-4E82-80EC-DFCD859642E5}"
EndProject
Global
	GlobalSection(SolutionConfigurationPlatforms) = preSolution
		Debug|Any CPU = Debug|Any CPU
		Release|Any CPU = Release|Any CPU
	EndGlobalSection
	GlobalSection(ProjectConfigurationPlatforms) = postSolution
		{A3F2DB49-A20D-4E82-80EC-DFCD859642E5}.Debug|Any CPU.ActiveCfg = Debug|Any CPU
		{A3F2DB49-A20D-4E82-80EC-DFCD859642E5}.Debug|Any CPU.Build.0 = Debug|Any CPU
		{A3F2DB49-A20D-4E82-80EC-DFCD859642E5}.Release|Any CPU.ActiveCfg = Release|Any CPU
		{A3F2DB49-A20D-4E82-80EC-DFCD859642E5}.Release|Any CPU.Build.0 = Release|Any CPU
	EndGlobalSection
	GlobalSection(SolutionProperties) = preSolution
		HideSolutionNode = FALSE
	EndGlobalSection
	GlobalSection(ExtensibilityGlobals) = postSolution
		SolutionGuid = {57FF60AC-0430-4ABB-B03C-020D948B496D}
	EndGlobalSection
EndGlobal
